
Microsoft Visual Studio Solution File, Format Version 12.00
# Visual Studio Version 16
VisualStudioVersion = 16.0.31729.503
MinimumVisualStudioVersion = 10.0.40219.1
Project("{9A19103F-16F7-4668-BE54-9A1E7A4F7556}") = "NapsterScrappingAPI", "NapsterScrappingAPI\NapsterScrappingAPI.csproj", "{8D1FD616-1EBA-490C-847A-82A4C049D0CA}"
EndProject
Project("{9A19103F-16F7-4668-BE54-9A1E7A4F7556}") = "NapsterScrappingBusiness", "NapsterScrappingBusiness\NapsterScrappingBusiness.csproj", "{B52825D0-34D7-44F9-A8D2-F1EC76F07559}"
EndProject
Project("{FAE04EC0-301F-11D3-BF4B-00C04F79EFBC}") = "NapsterScrappingInfrastructure", "NapsterScrappingInfrastructure\NapsterScrappingInfrastructure.csproj", "{29DD616D-EAAF-4954-965D-5956A3D2189D}"
EndProject
Global
	GlobalSection(SolutionConfigurationPlatforms) = preSolution
		Debug|Any CPU = Debug|Any CPU
		Release|Any CPU = Release|Any CPU
	EndGlobalSection
	GlobalSection(ProjectConfigurationPlatforms) = postSolution
		{8D1FD616-1EBA-490C-847A-82A4C049D0CA}.Debug|Any CPU.ActiveCfg = Debug|Any CPU
		{8D1FD616-1EBA-490C-847A-82A4C049D0CA}.Debug|Any CPU.Build.0 = Debug|Any CPU
		{8D1FD616-1EBA-490C-847A-82A4C049D0CA}.Release|Any CPU.ActiveCfg = Release|Any CPU
		{8D1FD616-1EBA-490C-847A-82A4C049D0CA}.Release|Any CPU.Build.0 = Release|Any CPU
		{B52825D0-34D7-44F9-A8D2-F1EC76F07559}.Debug|Any CPU.ActiveCfg = Debug|Any CPU
		{B52825D0-34D7-44F9-A8D2-F1EC76F07559}.Debug|Any CPU.Build.0 = Debug|Any CPU
		{B52825D0-34D7-44F9-A8D2-F1EC76F07559}.Release|Any CPU.ActiveCfg = Release|Any CPU
		{B52825D0-34D7-44F9-A8D2-F1EC76F07559}.Release|Any CPU.Build.0 = Release|Any CPU
		{29DD616D-EAAF-4954-965D-5956A3D2189D}.Debug|Any CPU.ActiveCfg = Debug|Any CPU
		{29DD616D-EAAF-4954-965D-5956A3D2189D}.Debug|Any CPU.Build.0 = Debug|Any CPU
		{29DD616D-EAAF-4954-965D-5956A3D2189D}.Release|Any CPU.ActiveCfg = Release|Any CPU
		{29DD616D-EAAF-4954-965D-5956A3D2189D}.Release|Any CPU.Build.0 = Release|Any CPU
	EndGlobalSection
	GlobalSection(SolutionProperties) = preSolution
		HideSolutionNode = FALSE
	EndGlobalSection
	GlobalSection(ExtensibilityGlobals) = postSolution
		SolutionGuid = {24D96654-81A9-4530-84C6-BCC60CEB1B16}
	EndGlobalSection
EndGlobal
